<DataSourceView xmlns:xsd="http://www.w3.org/2001/XMLSchema" xmlns:xsi="http://www.w3.org/2001/XMLSchema-instance" xmlns:ddl2="http://schemas.microsoft.com/analysisservices/2003/engine/2" xmlns:ddl2_2="http://schemas.microsoft.com/analysisservices/2003/engine/2/2" xmlns:ddl100_100="http://schemas.microsoft.com/analysisservices/2008/engine/100/100" xmlns:ddl200="http://schemas.microsoft.com/analysisservices/2010/engine/200" xmlns:ddl200_200="http://schemas.microsoft.com/analysisservices/2010/engine/200/200" xmlns:ddl300="http://schemas.microsoft.com/analysisservices/2011/engine/300" xmlns:ddl300_300="http://schemas.microsoft.com/analysisservices/2011/engine/300/300" xmlns:ddl400="http://schemas.microsoft.com/analysisservices/2012/engine/400" xmlns:ddl400_400="http://schemas.microsoft.com/analysisservices/2012/engine/400/400" xmlns:ddl500="http://schemas.microsoft.com/analysisservices/2013/engine/500" xmlns:ddl500_500="http://schemas.microsoft.com/analysisservices/2013/engine/500/500" xmlns:dwd="http://schemas.microsoft.com/DataWarehouse/Designer/1.0" dwd:design-time-name="d829470c-cba2-47e6-b4a4-e548de0368fe" xmlns="http://schemas.microsoft.com/analysisservices/2003/engine">
  <ID>ecommerce WH</ID>
  <Name>ecommerce WH</Name>
  <CreatedTimestamp>0001-01-01T00:00:00Z</CreatedTimestamp>
  <LastSchemaUpdate>0001-01-01T00:00:00Z</LastSchemaUpdate>
  <Annotations>
    <Annotation>
      <Name>http://schemas.microsoft.com/DataWarehouse/Designer/1.0:ShowFriendlyNames</Name>
      <Value>true</Value>
    </Annotation>
    <Annotation>
      <Name>http://schemas.microsoft.com/DataWarehouse/Designer/1.0:CurrentLayout</Name>
      <Value>_ALL_TABLES_</Value>
    </Annotation>
    <Annotation>
      <Name>http://schemas.microsoft.com/DataWarehouse/Designer/1.0:SchemaRestriction</Name>
      <Value></Value>
    </Annotation>
    <Annotation>
      <Name>http://schemas.microsoft.com/DataWarehouse/Designer/1.0:RetrieveRelationships</Name>
      <Value>true</Value>
    </Annotation>
    <Annotation>
      <Name>http://schemas.microsoft.com/DataWarehouse/Designer/1.0:Layouts</Name>
      <Value>
        <Layouts xmlns="">
          <Diagram>
            <Name>_ALL_TABLES_</Name>
            <DiagramLayout />
            <ShowRelationshipNames>False</ShowRelationshipNames>
            <UseDiagramDefaultLayout>True</UseDiagramDefaultLayout>
            <DiagramViewPortLeft>0</DiagramViewPortLeft>
            <DiagramViewPortTop>0</DiagramViewPortTop>
            <DiagramBoundingLeft>0</DiagramBoundingLeft>
            <DiagramBoundingTop>0</DiagramBoundingTop>
            <DiagramZoom>100</DiagramZoom>
          </Diagram>
        </Layouts>
      </Value>
    </Annotation>
  </Annotations>
  <DataSourceID>ecommerce WH</DataSourceID>
  <Schema>
    <xs:schema id="ecommerce_x0020_WH" xmlns="" xmlns:xs="http://www.w3.org/2001/XMLSchema" xmlns:msdata="urn:schemas-microsoft-com:xml-msdata" xmlns:msprop="urn:schemas-microsoft-com:xml-msprop">
      <xs:element name="ecommerce_x0020_WH" msdata:IsDataSet="true" msdata:UseCurrentLocale="true" msprop:design-time-name="b7d334ef-c875-4392-ba2d-edf249dbf954">
        <xs:complexType>
          <xs:choice minOccurs="0" maxOccurs="unbounded">
            <xs:element name="dbo_FACT_Order_Items" msprop:DbTableName="FACT_Order_Items" msprop:FriendlyName="FACT_Order_Items" msprop:TableType="Table" msprop:DbSchemaName="dbo" msprop:design-time-name="9fe2fdf4-df96-48f6-a548-d5cb8d3ac996">
              <xs:complexType>
                <xs:sequence>
                  <xs:element name="Order_Item_SK" msdata:ReadOnly="true" msdata:AutoIncrement="true" msprop:FriendlyName="Order_Item_SK" msprop:DbColumnName="Order_Item_SK" msprop:design-time-name="0644be6a-bd0c-4312-b275-61f63d3e8ced" type="xs:int" />
                  <xs:element name="Customer_SK" msprop:FriendlyName="Customer_SK" msprop:DbColumnName="Customer_SK" msprop:design-time-name="382f8ebf-17dd-404a-9521-d28c602acc9e" type="xs:int" minOccurs="0" />
                  <xs:element name="Product_SK" msprop:FriendlyName="Product_SK" msprop:DbColumnName="Product_SK" msprop:design-time-name="ed30fe6b-df69-4f9f-b1e4-871aee6c3822" type="xs:int" minOccurs="0" />
                  <xs:element name="Seller_SK" msprop:FriendlyName="Seller_SK" msprop:DbColumnName="Seller_SK" msprop:design-time-name="f4c867e8-dfce-463b-8562-e553e3dda525" type="xs:int" minOccurs="0" />
                  <xs:element name="Payment_SK" msprop:FriendlyName="Payment_SK" msprop:DbColumnName="Payment_SK" msprop:design-time-name="2b21fdb3-b435-4b00-9cfe-cf938ad219c5" type="xs:int" minOccurs="0" />
                  <xs:element name="Review_SK" msprop:FriendlyName="Review_SK" msprop:DbColumnName="Review_SK" msprop:design-time-name="8a79f1f0-6305-48a2-8b17-64abca4f3267" type="xs:int" minOccurs="0" />
                  <xs:element name="Date_SK" msprop:FriendlyName="Date_SK" msprop:DbColumnName="Date_SK" msprop:design-time-name="8185a377-88a4-400b-8b62-6b0060763a61" type="xs:int" minOccurs="0" />
                  <xs:element name="Order_ID" msprop:FriendlyName="Order_ID" msprop:DbColumnName="Order_ID" msprop:design-time-name="b021137c-f7a0-41fb-a6de-94d6c987394f" minOccurs="0">
                    <xs:simpleType>
                      <xs:restriction base="xs:string">
                        <xs:maxLength value="50" />
                      </xs:restriction>
                    </xs:simpleType>
                  </xs:element>
                  <xs:element name="Order_Item_ID" msprop:FriendlyName="Order_Item_ID" msprop:DbColumnName="Order_Item_ID" msprop:design-time-name="2a956690-9b30-424b-a7f4-190dbd902fef" type="xs:unsignedByte" minOccurs="0" />
                  <xs:element name="Order_Status" msprop:FriendlyName="Order_Status" msprop:DbColumnName="Order_Status" msprop:design-time-name="a50a3027-3c2c-4795-92a4-f54f5e184267" minOccurs="0">
                    <xs:simpleType>
                      <xs:restriction base="xs:string">
                        <xs:maxLength value="50" />
                      </xs:restriction>
                    </xs:simpleType>
                  </xs:element>
                  <xs:element name="Order_Purchase_Timestamp" msprop:FriendlyName="Order_Purchase_Timestamp" msprop:DbColumnName="Order_Purchase_Timestamp" msprop:design-time-name="64d2f72d-a880-4e7c-b0e5-cecdc287337c" type="xs:dateTime" minOccurs="0" />
                  <xs:element name="Order_Approved_At" msprop:FriendlyName="Order_Approved_At" msprop:DbColumnName="Order_Approved_At" msprop:design-time-name="5a77b2d4-d04e-4f63-bf6a-7c79cea80e35" type="xs:dateTime" minOccurs="0" />
                  <xs:element name="Order_Delivered_Carrier_Date" msprop:FriendlyName="Order_Delivered_Carrier_Date" msprop:DbColumnName="Order_Delivered_Carrier_Date" msprop:design-time-name="b53e333c-f1b3-44ee-87dd-e118272c947b" type="xs:dateTime" minOccurs="0" />
                  <xs:element name="Order_Delivered_Customer_Date" msprop:FriendlyName="Order_Delivered_Customer_Date" msprop:DbColumnName="Order_Delivered_Customer_Date" msprop:design-time-name="0100a01a-f3d0-4c3a-812e-7e310e233034" type="xs:dateTime" minOccurs="0" />
                  <xs:element name="Order_Estimated_Delivery_Date" msprop:FriendlyName="Order_Estimated_Delivery_Date" msprop:DbColumnName="Order_Estimated_Delivery_Date" msprop:design-time-name="75decf93-19b4-4118-8a83-a0d72e0628b0" type="xs:dateTime" minOccurs="0" />
                  <xs:element name="Shipping_Limit_Date" msprop:FriendlyName="Shipping_Limit_Date" msprop:DbColumnName="Shipping_Limit_Date" msprop:design-time-name="37b1da3b-37f6-48a8-9bca-93decde84329" type="xs:dateTime" minOccurs="0" />
                  <xs:element name="Price" msprop:FriendlyName="Price" msprop:DbColumnName="Price" msprop:design-time-name="05f641be-2d59-4ca7-b3df-41cc91b9c100" type="xs:double" minOccurs="0" />
                  <xs:element name="Freight_Value" msprop:FriendlyName="Freight_Value" msprop:DbColumnName="Freight_Value" msprop:design-time-name="3644798c-f363-4c91-85fa-360f13420c93" type="xs:double" minOccurs="0" />
                  <xs:element name="Payment_Value" msprop:FriendlyName="Payment_Value" msprop:DbColumnName="Payment_Value" msprop:design-time-name="88450040-c482-4949-b670-d6457aade32e" type="xs:double" minOccurs="0" />
                  <xs:element name="accm_txn_create_time" msprop:FriendlyName="accm_txn_create_time" msprop:DbColumnName="accm_txn_create_time" msprop:design-time-name="6e93abc2-63a5-4d4b-937b-1ecfca4781ac" type="xs:dateTime" minOccurs="0" />
                  <xs:element name="accm_txn_complete_time" msprop:FriendlyName="accm_txn_complete_time" msprop:DbColumnName="accm_txn_complete_time" msprop:design-time-name="133f621c-0273-4689-86ce-1e8b5298622d" type="xs:dateTime" minOccurs="0" />
                  <xs:element name="txn_process_time_hours" msprop:FriendlyName="txn_process_time_hours" msprop:DbColumnName="txn_process_time_hours" msprop:design-time-name="b95fde6d-9316-4726-92b4-ecada5090395" type="xs:double" minOccurs="0" />
                </xs:sequence>
              </xs:complexType>
            </xs:element>
            <xs:element name="dbo_DIM_Customer" msprop:DbTableName="DIM_Customer" msprop:FriendlyName="DIM_Customer" msprop:TableType="Table" msprop:DbSchemaName="dbo" msprop:design-time-name="c1de9d7c-b3e9-447a-8f37-e5fc134d653c">
              <xs:complexType>
                <xs:sequence>
                  <xs:element name="Customer_SK" msdata:ReadOnly="true" msdata:AutoIncrement="true" msprop:FriendlyName="Customer_SK" msprop:DbColumnName="Customer_SK" msprop:design-time-name="cd2505da-bbbe-4d0a-a8b1-152a303c2cba" type="xs:int" />
                  <xs:element name="Customer_Trx_ID" msprop:FriendlyName="Customer_Trx_ID" msprop:DbColumnName="Customer_Trx_ID" msprop:design-time-name="0eea830a-10b3-4f01-9a51-9b94ecc8ebeb" minOccurs="0">
                    <xs:simpleType>
                      <xs:restriction base="xs:string">
                        <xs:maxLength value="50" />
                      </xs:restriction>
                    </xs:simpleType>
                  </xs:element>
                  <xs:element name="Subscriber_ID" msprop:FriendlyName="Subscriber_ID" msprop:DbColumnName="Subscriber_ID" msprop:design-time-name="11f4d1e9-8290-4f7a-a4fc-1a45009695ca" minOccurs="0">
                    <xs:simpleType>
                      <xs:restriction base="xs:string">
                        <xs:maxLength value="50" />
                      </xs:restriction>
                    </xs:simpleType>
                  </xs:element>
                  <xs:element name="Subscribe_Date" msprop:FriendlyName="Subscribe_Date" msprop:DbColumnName="Subscribe_Date" msprop:design-time-name="14b1a86c-eb9e-4479-8bc2-27a0131dc534" type="xs:dateTime" minOccurs="0" />
                  <xs:element name="First_Order_Date" msprop:FriendlyName="First_Order_Date" msprop:DbColumnName="First_Order_Date" msprop:design-time-name="dd7e9476-4ad8-4630-b65c-8fdff3686832" type="xs:dateTime" minOccurs="0" />
                  <xs:element name="Customer_Postal_Code" msprop:FriendlyName="Customer_Postal_Code" msprop:DbColumnName="Customer_Postal_Code" msprop:design-time-name="c80fe61f-91fd-4f85-8891-b23e59a3b366" minOccurs="0">
                    <xs:simpleType>
                      <xs:restriction base="xs:string">
                        <xs:maxLength value="50" />
                      </xs:restriction>
                    </xs:simpleType>
                  </xs:element>
                  <xs:element name="Customer_City" msprop:FriendlyName="Customer_City" msprop:DbColumnName="Customer_City" msprop:design-time-name="3d592ee5-877f-446e-8e96-6c8411be5eee" minOccurs="0">
                    <xs:simpleType>
                      <xs:restriction base="xs:string">
                        <xs:maxLength value="50" />
                      </xs:restriction>
                    </xs:simpleType>
                  </xs:element>
                  <xs:element name="Customer_Country" msprop:FriendlyName="Customer_Country" msprop:DbColumnName="Customer_Country" msprop:design-time-name="05c455ec-1df3-45c8-8c9f-57d2c2ad203a" minOccurs="0">
                    <xs:simpleType>
                      <xs:restriction base="xs:string">
                        <xs:maxLength value="50" />
                      </xs:restriction>
                    </xs:simpleType>
                  </xs:element>
                  <xs:element name="Customer_Country_Code" msprop:FriendlyName="Customer_Country_Code" msprop:DbColumnName="Customer_Country_Code" msprop:design-time-name="c88763f7-109c-4316-a81f-876a97885953" minOccurs="0">
                    <xs:simpleType>
                      <xs:restriction base="xs:string">
                        <xs:maxLength value="50" />
                      </xs:restriction>
                    </xs:simpleType>
                  </xs:element>
                  <xs:element name="Age" msprop:FriendlyName="Age" msprop:DbColumnName="Age" msprop:design-time-name="5b0e1b5a-e1b9-4df8-8024-85019cca5c8d" type="xs:unsignedByte" minOccurs="0" />
                  <xs:element name="Gender" msprop:FriendlyName="Gender" msprop:DbColumnName="Gender" msprop:design-time-name="8369409a-3071-4db0-929d-bc29db4af1c8" minOccurs="0">
                    <xs:simpleType>
                      <xs:restriction base="xs:string">
                        <xs:maxLength value="50" />
                      </xs:restriction>
                    </xs:simpleType>
                  </xs:element>
                  <xs:element name="Effective_Start_Date" msprop:FriendlyName="Effective_Start_Date" msprop:DbColumnName="Effective_Start_Date" msprop:design-time-name="714faf2b-e5cb-4a7f-90f0-b7bf86dcab68" type="xs:dateTime" />
                  <xs:element name="Effective_End_Date" msprop:FriendlyName="Effective_End_Date" msprop:DbColumnName="Effective_End_Date" msprop:design-time-name="d7794415-f721-4d00-bee8-838abd74ab20" type="xs:dateTime" minOccurs="0" />
                  <xs:element name="Is_Current" msprop:FriendlyName="Is_Current" msprop:DbColumnName="Is_Current" msprop:design-time-name="6f28f089-9491-405e-84db-4ce5c994f68a" type="xs:boolean" />
                </xs:sequence>
              </xs:complexType>
            </xs:element>
            <xs:element name="dbo_DIM_Product" msprop:DbTableName="DIM_Product" msprop:FriendlyName="DIM_Product" msprop:TableType="Table" msprop:DbSchemaName="dbo" msprop:design-time-name="25309f3d-6991-4026-9672-f8c11e2a4b21">
              <xs:complexType>
                <xs:sequence>
                  <xs:element name="Product_SK" msdata:ReadOnly="true" msdata:AutoIncrement="true" msprop:FriendlyName="Product_SK" msprop:DbColumnName="Product_SK" msprop:design-time-name="1896bace-87fb-4f4b-837d-24d50ea2d892" type="xs:int" />
                  <xs:element name="Product_ID" msprop:FriendlyName="Product_ID" msprop:DbColumnName="Product_ID" msprop:design-time-name="0dca11a1-ead3-49fb-b638-ab27e4c333b9" minOccurs="0">
                    <xs:simpleType>
                      <xs:restriction base="xs:string">
                        <xs:maxLength value="50" />
                      </xs:restriction>
                    </xs:simpleType>
                  </xs:element>
                  <xs:element name="Product_Category_Name" msprop:FriendlyName="Product_Category_Name" msprop:DbColumnName="Product_Category_Name" msprop:design-time-name="ab1d6abe-3a22-4a5b-818f-cc08ec039122" minOccurs="0">
                    <xs:simpleType>
                      <xs:restriction base="xs:string">
                        <xs:maxLength value="50" />
                      </xs:restriction>
                    </xs:simpleType>
                  </xs:element>
                  <xs:element name="Product_Weight_Gr" msprop:FriendlyName="Product_Weight_Gr" msprop:DbColumnName="Product_Weight_Gr" msprop:design-time-name="d517e71a-3dc4-4001-a924-9352af0d1d6c" type="xs:int" minOccurs="0" />
                  <xs:element name="Product_Length_Cm" msprop:FriendlyName="Product_Length_Cm" msprop:DbColumnName="Product_Length_Cm" msprop:design-time-name="c4bad547-612f-4571-a0d1-c32c851cfdb8" type="xs:unsignedByte" minOccurs="0" />
                  <xs:element name="Product_Height_Cm" msprop:FriendlyName="Product_Height_Cm" msprop:DbColumnName="Product_Height_Cm" msprop:design-time-name="583deaf0-de3c-446b-a5cc-03726c1f6c31" type="xs:unsignedByte" minOccurs="0" />
                  <xs:element name="Product_Width_Cm" msprop:FriendlyName="Product_Width_Cm" msprop:DbColumnName="Product_Width_Cm" msprop:design-time-name="e2af249a-6993-42ea-b76d-d569d2f6972d" type="xs:unsignedByte" minOccurs="0" />
                </xs:sequence>
              </xs:complexType>
            </xs:element>
            <xs:element name="dbo_DIM_Seller" msprop:DbTableName="DIM_Seller" msprop:FriendlyName="DIM_Seller" msprop:TableType="Table" msprop:DbSchemaName="dbo" msprop:design-time-name="715ba02d-c3de-4735-a4c6-f8d3fdcaa4c9">
              <xs:complexType>
                <xs:sequence>
                  <xs:element name="Seller_SK" msdata:ReadOnly="true" msdata:AutoIncrement="true" msprop:FriendlyName="Seller_SK" msprop:DbColumnName="Seller_SK" msprop:design-time-name="0072b026-7b0c-466c-9d70-1c3f775969b3" type="xs:int" />
                  <xs:element name="Seller_ID" msprop:FriendlyName="Seller_ID" msprop:DbColumnName="Seller_ID" msprop:design-time-name="1344e2fe-3b74-4565-bfe4-ac84a8ecf976" minOccurs="0">
                    <xs:simpleType>
                      <xs:restriction base="xs:string">
                        <xs:maxLength value="50" />
                      </xs:restriction>
                    </xs:simpleType>
                  </xs:element>
                  <xs:element name="Seller_Name" msprop:FriendlyName="Seller_Name" msprop:DbColumnName="Seller_Name" msprop:design-time-name="589947fa-6ed5-4397-9c0d-55723c531bd7" minOccurs="0">
                    <xs:simpleType>
                      <xs:restriction base="xs:string">
                        <xs:maxLength value="50" />
                      </xs:restriction>
                    </xs:simpleType>
                  </xs:element>
                  <xs:element name="Seller_Postal_Code" msprop:FriendlyName="Seller_Postal_Code" msprop:DbColumnName="Seller_Postal_Code" msprop:design-time-name="21dcab50-af61-4db3-8164-847ed94f4acb" minOccurs="0">
                    <xs:simpleType>
                      <xs:restriction base="xs:string">
                        <xs:maxLength value="50" />
                      </xs:restriction>
                    </xs:simpleType>
                  </xs:element>
                  <xs:element name="Seller_City" msprop:FriendlyName="Seller_City" msprop:DbColumnName="Seller_City" msprop:design-time-name="5bb3823c-2866-4fb4-a292-4899a5d2d392" minOccurs="0">
                    <xs:simpleType>
                      <xs:restriction base="xs:string">
                        <xs:maxLength value="50" />
                      </xs:restriction>
                    </xs:simpleType>
                  </xs:element>
                  <xs:element name="Country_Code" msprop:FriendlyName="Country_Code" msprop:DbColumnName="Country_Code" msprop:design-time-name="1a2162e8-ede7-48b0-818b-9f4e7e1784dc" minOccurs="0">
                    <xs:simpleType>
                      <xs:restriction base="xs:string">
                        <xs:maxLength value="50" />
                      </xs:restriction>
                    </xs:simpleType>
                  </xs:element>
                  <xs:element name="Seller_Country" msprop:FriendlyName="Seller_Country" msprop:DbColumnName="Seller_Country" msprop:design-time-name="9d2c8e42-47ec-4c8c-8c85-6f1d9101f33a" minOccurs="0">
                    <xs:simpleType>
                      <xs:restriction base="xs:string">
                        <xs:maxLength value="50" />
                      </xs:restriction>
                    </xs:simpleType>
                  </xs:element>
                </xs:sequence>
              </xs:complexType>
            </xs:element>
            <xs:element name="dbo_DIM_Payment" msprop:DbTableName="DIM_Payment" msprop:FriendlyName="DIM_Payment" msprop:TableType="Table" msprop:DbSchemaName="dbo" msprop:design-time-name="91fdbf39-cb9e-4bbc-85d7-83bb92447f9b">
              <xs:complexType>
                <xs:sequence>
                  <xs:element name="Payment_SK" msdata:ReadOnly="true" msdata:AutoIncrement="true" msprop:FriendlyName="Payment_SK" msprop:DbColumnName="Payment_SK" msprop:design-time-name="cb3452b0-daf2-49ff-9bd0-45e7ff3605d4" type="xs:int" />
                  <xs:element name="Payment_Sequential" msprop:FriendlyName="Payment_Sequential" msprop:DbColumnName="Payment_Sequential" msprop:design-time-name="e5bb0149-26d8-4579-b562-d20b973d7a9b" type="xs:unsignedByte" minOccurs="0" />
                  <xs:element name="Payment_Type" msprop:FriendlyName="Payment_Type" msprop:DbColumnName="Payment_Type" msprop:design-time-name="c924d9cf-f3d6-476b-9939-6ee555e566db" minOccurs="0">
                    <xs:simpleType>
                      <xs:restriction base="xs:string">
                        <xs:maxLength value="50" />
                      </xs:restriction>
                    </xs:simpleType>
                  </xs:element>
                  <xs:element name="Payment_Installments" msprop:FriendlyName="Payment_Installments" msprop:DbColumnName="Payment_Installments" msprop:design-time-name="fec85c9b-ead8-404b-9db0-69a07681b98a" type="xs:unsignedByte" minOccurs="0" />
                </xs:sequence>
              </xs:complexType>
            </xs:element>
            <xs:element name="dbo_DIM_Review" msprop:DbTableName="DIM_Review" msprop:FriendlyName="DIM_Review" msprop:TableType="Table" msprop:DbSchemaName="dbo" msprop:design-time-name="b4fc334e-b513-4417-9b37-c31ed8e6152a">
              <xs:complexType>
                <xs:sequence>
                  <xs:element name="Review_SK" msdata:ReadOnly="true" msdata:AutoIncrement="true" msprop:FriendlyName="Review_SK" msprop:DbColumnName="Review_SK" msprop:design-time-name="06857d80-a0e7-4c98-b210-6bd97ec32b99" type="xs:int" />
                  <xs:element name="Review_ID" msprop:FriendlyName="Review_ID" msprop:DbColumnName="Review_ID" msprop:design-time-name="0db288f5-f9b7-4de5-8e29-df14c9f44fdb" minOccurs="0">
                    <xs:simpleType>
                      <xs:restriction base="xs:string">
                        <xs:maxLength value="500" />
                      </xs:restriction>
                    </xs:simpleType>
                  </xs:element>
                  <xs:element name="Review_Score" msprop:FriendlyName="Review_Score" msprop:DbColumnName="Review_Score" msprop:design-time-name="9b29d783-2c91-4b49-b47a-d1ba62b7ab24" type="xs:unsignedByte" minOccurs="0" />
                  <xs:element name="Review_Creation_Date" msprop:FriendlyName="Review_Creation_Date" msprop:DbColumnName="Review_Creation_Date" msprop:design-time-name="dc61795c-2964-4a2f-830c-a12c1b477c26" type="xs:dateTime" minOccurs="0" />
                  <xs:element name="Review_Answer_Timestamp" msprop:FriendlyName="Review_Answer_Timestamp" msprop:DbColumnName="Review_Answer_Timestamp" msprop:design-time-name="7e1b12f5-c72a-43fb-a21a-d32c26de146c" type="xs:dateTime" minOccurs="0" />
                </xs:sequence>
              </xs:complexType>
            </xs:element>
            <xs:element name="dbo_DIM_Date" msprop:DbTableName="DIM_Date" msprop:FriendlyName="DIM_Date" msprop:TableType="Table" msprop:DbSchemaName="dbo" msprop:design-time-name="32fb0e5c-e15f-4558-a4ce-d524466b9cf3">
              <xs:complexType>
                <xs:sequence>
                  <xs:element name="Date_SK" msprop:FriendlyName="Date_SK" msprop:DbColumnName="Date_SK" msprop:design-time-name="3b1c075f-cc79-46cf-9b63-3f0b3a46506e" type="xs:int" />
                  <xs:element name="Full_Date" msprop:FriendlyName="Full_Date" msprop:DbColumnName="Full_Date" msprop:design-time-name="d6128730-75bc-4acf-b7e5-0b5ab58416c4" type="xs:dateTime" minOccurs="0" />
                  <xs:element name="Day" msprop:FriendlyName="Day" msprop:DbColumnName="Day" msprop:design-time-name="1aee8c0c-b122-410c-93bc-ec147b38fac9" type="xs:int" minOccurs="0" />
                  <xs:element name="Month" msprop:FriendlyName="Month" msprop:DbColumnName="Month" msprop:design-time-name="e3d0f03c-ad83-4b84-becc-96bc30fe61b5" type="xs:int" minOccurs="0" />
                  <xs:element name="Month_Name" msprop:FriendlyName="Month_Name" msprop:DbColumnName="Month_Name" msprop:design-time-name="a6b3cdf7-678d-4597-a745-9e3f0de7e517" minOccurs="0">
                    <xs:simpleType>
                      <xs:restriction base="xs:string">
                        <xs:maxLength value="20" />
                      </xs:restriction>
                    </xs:simpleType>
                  </xs:element>
                  <xs:element name="Quarter" msprop:FriendlyName="Quarter" msprop:DbColumnName="Quarter" msprop:design-time-name="700685c2-7af8-4741-bb8d-eaab4159c954" type="xs:int" minOccurs="0" />
                  <xs:element name="Year" msprop:FriendlyName="Year" msprop:DbColumnName="Year" msprop:design-time-name="bae1e388-111c-46ff-be97-16b884976ff3" type="xs:int" minOccurs="0" />
                  <xs:element name="Weekday_Name" msprop:FriendlyName="Weekday_Name" msprop:DbColumnName="Weekday_Name" msprop:design-time-name="2037aa66-6512-4616-b86a-ec3bdeade88b" minOccurs="0">
                    <xs:simpleType>
                      <xs:restriction base="xs:string">
                        <xs:maxLength value="20" />
                      </xs:restriction>
                    </xs:simpleType>
                  </xs:element>
                </xs:sequence>
              </xs:complexType>
            </xs:element>
          </xs:choice>
        </xs:complexType>
        <xs:unique name="Constraint1" msdata:PrimaryKey="true">
          <xs:selector xpath=".//dbo_FACT_Order_Items" />
          <xs:field xpath="Order_Item_SK" />
        </xs:unique>
        <xs:unique name="dbo_DIM_Customer_Constraint1" msdata:ConstraintName="Constraint1" msdata:PrimaryKey="true">
          <xs:selector xpath=".//dbo_DIM_Customer" />
          <xs:field xpath="Customer_SK" />
        </xs:unique>
        <xs:unique name="dbo_DIM_Product_Constraint1" msdata:ConstraintName="Constraint1" msdata:PrimaryKey="true">
          <xs:selector xpath=".//dbo_DIM_Product" />
          <xs:field xpath="Product_SK" />
        </xs:unique>
        <xs:unique name="dbo_DIM_Seller_Constraint1" msdata:ConstraintName="Constraint1" msdata:PrimaryKey="true">
          <xs:selector xpath=".//dbo_DIM_Seller" />
          <xs:field xpath="Seller_SK" />
        </xs:unique>
        <xs:unique name="dbo_DIM_Payment_Constraint1" msdata:ConstraintName="Constraint1" msdata:PrimaryKey="true">
          <xs:selector xpath=".//dbo_DIM_Payment" />
          <xs:field xpath="Payment_SK" />
        </xs:unique>
        <xs:unique name="dbo_DIM_Review_Constraint1" msdata:ConstraintName="Constraint1" msdata:PrimaryKey="true">
          <xs:selector xpath=".//dbo_DIM_Review" />
          <xs:field xpath="Review_SK" />
        </xs:unique>
        <xs:unique name="dbo_DIM_Date_Constraint1" msdata:ConstraintName="Constraint1" msdata:PrimaryKey="true">
          <xs:selector xpath=".//dbo_DIM_Date" />
          <xs:field xpath="Date_SK" />
        </xs:unique>
        <xs:keyref name="FK__FACT_Orde__Payme__71D1E811" refer="dbo_DIM_Payment_Constraint1">
          <xs:selector xpath=".//dbo_FACT_Order_Items" />
          <xs:field xpath="Payment_SK" />
        </xs:keyref>
        <xs:keyref name="FK__FACT_Orde__Custo__6EF57B66" refer="dbo_DIM_Customer_Constraint1">
          <xs:selector xpath=".//dbo_FACT_Order_Items" />
          <xs:field xpath="Customer_SK" />
        </xs:keyref>
        <xs:keyref name="FK__FACT_Orde__Produ__6FE99F9F" refer="dbo_DIM_Product_Constraint1">
          <xs:selector xpath=".//dbo_FACT_Order_Items" />
          <xs:field xpath="Product_SK" />
        </xs:keyref>
        <xs:keyref name="FK__FACT_Orde__Selle__70DDC3D8" refer="dbo_DIM_Seller_Constraint1">
          <xs:selector xpath=".//dbo_FACT_Order_Items" />
          <xs:field xpath="Seller_SK" />
        </xs:keyref>
        <xs:keyref name="FK__FACT_Orde__Revie__72C60C4A" refer="dbo_DIM_Review_Constraint1">
          <xs:selector xpath=".//dbo_FACT_Order_Items" />
          <xs:field xpath="Review_SK" />
        </xs:keyref>
        <xs:keyref name="FK__FACT_Orde__Date___73BA3083" refer="dbo_DIM_Date_Constraint1">
          <xs:selector xpath=".//dbo_FACT_Order_Items" />
          <xs:field xpath="Date_SK" />
        </xs:keyref>
      </xs:element>
    </xs:schema>
    <ecommerce_x0020_WH xmlns="" />
  </Schema>
</DataSourceView>